// !$*UTF8*$!
{
	archiveVersion = 1;
	classes = {
	};
	objectVersion = 46;
	objects = {

/* Begin PBXBuildFile section */
		D077F1661DDB2E2A00186A04 /* AppDelegate.swift in Sources */ = {isa = PBXBuildFile; fileRef = D077F1651DDB2E2A00186A04 /* AppDelegate.swift */; };
		D077F1681DDB2E2A00186A04 /* ViewController.swift in Sources */ = {isa = PBXBuildFile; fileRef = D077F1671DDB2E2A00186A04 /* ViewController.swift */; };
		D077F16B1DDB2E2A00186A04 /* Main.storyboard in Resources */ = {isa = PBXBuildFile; fileRef = D077F1691DDB2E2A00186A04 /* Main.storyboard */; };
		D077F16D1DDB2E2A00186A04 /* Assets.xcassets in Resources */ = {isa = PBXBuildFile; fileRef = D077F16C1DDB2E2A00186A04 /* Assets.xcassets */; };
		D077F1701DDB2E2A00186A04 /* LaunchScreen.storyboard in Resources */ = {isa = PBXBuildFile; fileRef = D077F16E1DDB2E2A00186A04 /* LaunchScreen.storyboard */; };
		D077F1781DDB2E4600186A04 /* Localizable.stringsdict in Resources */ = {isa = PBXBuildFile; fileRef = D077F1771DDB2E4600186A04 /* Localizable.stringsdict */; };
		D077F17A1DDB2E4D00186A04 /* NSDate+Utility.swift in Sources */ = {isa = PBXBuildFile; fileRef = D077F1791DDB2E4D00186A04 /* NSDate+Utility.swift */; };
		D077F17F1DDB30AC00186A04 /* CustomCell.swift in Sources */ = {isa = PBXBuildFile; fileRef = D077F17E1DDB30AC00186A04 /* CustomCell.swift */; };
/* End PBXBuildFile section */

/* Begin PBXFileReference section */
		D077F1621DDB2E2A00186A04 /* NSDateUtil.app */ = {isa = PBXFileReference; explicitFileType = wrapper.application; includeInIndex = 0; path = NSDateUtil.app; sourceTree = BUILT_PRODUCTS_DIR; };
		D077F1651DDB2E2A00186A04 /* AppDelegate.swift */ = {isa = PBXFileReference; lastKnownFileType = sourcecode.swift; path = AppDelegate.swift; sourceTree = "<group>"; };
		D077F1671DDB2E2A00186A04 /* ViewController.swift */ = {isa = PBXFileReference; lastKnownFileType = sourcecode.swift; path = ViewController.swift; sourceTree = "<group>"; };
		D077F16A1DDB2E2A00186A04 /* Base */ = {isa = PBXFileReference; lastKnownFileType = file.storyboard; name = Base; path = Base.lproj/Main.storyboard; sourceTree = "<group>"; };
		D077F16C1DDB2E2A00186A04 /* Assets.xcassets */ = {isa = PBXFileReference; lastKnownFileType = folder.assetcatalog; path = Assets.xcassets; sourceTree = "<group>"; };
		D077F16F1DDB2E2A00186A04 /* Base */ = {isa = PBXFileReference; lastKnownFileType = file.storyboard; name = Base; path = Base.lproj/LaunchScreen.storyboard; sourceTree = "<group>"; };
		D077F1711DDB2E2A00186A04 /* Info.plist */ = {isa = PBXFileReference; lastKnownFileType = text.plist.xml; path = Info.plist; sourceTree = "<group>"; };
		D077F1771DDB2E4600186A04 /* Localizable.stringsdict */ = {isa = PBXFileReference; fileEncoding = 4; lastKnownFileType = text.plist.stringsdict; path = Localizable.stringsdict; sourceTree = "<group>"; };
		D077F1791DDB2E4D00186A04 /* NSDate+Utility.swift */ = {isa = PBXFileReference; fileEncoding = 4; lastKnownFileType = sourcecode.swift; path = "NSDate+Utility.swift"; sourceTree = "<group>"; };
		D077F17E1DDB30AC00186A04 /* CustomCell.swift */ = {isa = PBXFileReference; fileEncoding = 4; lastKnownFileType = sourcecode.swift; path = CustomCell.swift; sourceTree = "<group>"; };
/* End PBXFileReference section */

/* Begin PBXFrameworksBuildPhase section */
		D077F15F1DDB2E2A00186A04 /* Frameworks */ = {
			isa = PBXFrameworksBuildPhase;
			buildActionMask = 2147483647;
			files = (
			);
			runOnlyForDeploymentPostprocessing = 0;
		};
/* End PBXFrameworksBuildPhase section */

/* Begin PBXGroup section */
		D077F1591DDB2E2A00186A04 = {
			isa = PBXGroup;
			children = (
				D077F1641DDB2E2A00186A04 /* NSDateUtil */,
				D077F1631DDB2E2A00186A04 /* Products */,
			);
			sourceTree = "<group>";
		};
		D077F1631DDB2E2A00186A04 /* Products */ = {
			isa = PBXGroup;
			children = (
				D077F1621DDB2E2A00186A04 /* NSDateUtil.app */,
			);
			name = Products;
			sourceTree = "<group>";
		};
		D077F1641DDB2E2A00186A04 /* NSDateUtil */ = {
			isa = PBXGroup;
			children = (
				D077F1651DDB2E2A00186A04 /* AppDelegate.swift */,
				D077F1671DDB2E2A00186A04 /* ViewController.swift */,
				D077F17D1DDB2E7300186A04 /* Resources */,
				D077F1791DDB2E4D00186A04 /* NSDate+Utility.swift */,
				D077F1771DDB2E4600186A04 /* Localizable.stringsdict */,
				D077F1691DDB2E2A00186A04 /* Main.storyboard */,
				D077F16E1DDB2E2A00186A04 /* LaunchScreen.storyboard */,
				D077F17E1DDB30AC00186A04 /* CustomCell.swift */,
			);
			path = NSDateUtil;
			sourceTree = "<group>";
		};
		D077F17D1DDB2E7300186A04 /* Resources */ = {
			isa = PBXGroup;
			children = (
				D077F16C1DDB2E2A00186A04 /* Assets.xcassets */,
				D077F1711DDB2E2A00186A04 /* Info.plist */,
			);
			name = Resources;
			sourceTree = "<group>";
		};
/* End PBXGroup section */

/* Begin PBXNativeTarget section */
		D077F1611DDB2E2A00186A04 /* NSDateUtil */ = {
			isa = PBXNativeTarget;
			buildConfigurationList = D077F1741DDB2E2A00186A04 /* Build configuration list for PBXNativeTarget "NSDateUtil" */;
			buildPhases = (
				D077F15E1DDB2E2A00186A04 /* Sources */,
				D077F15F1DDB2E2A00186A04 /* Frameworks */,
				D077F1601DDB2E2A00186A04 /* Resources */,
			);
			buildRules = (
			);
			dependencies = (
			);
			name = NSDateUtil;
			productName = NSDateUtil;
			productReference = D077F1621DDB2E2A00186A04 /* NSDateUtil.app */;
			productType = "com.apple.product-type.application";
		};
/* End PBXNativeTarget section */

/* Begin PBXProject section */
		D077F15A1DDB2E2A00186A04 /* Project object */ = {
			isa = PBXProject;
			attributes = {
				LastSwiftUpdateCheck = 0730;
				LastUpgradeCheck = 0730;
				ORGANIZATIONNAME = "Saurav Satpathy";
				TargetAttributes = {
					D077F1611DDB2E2A00186A04 = {
						CreatedOnToolsVersion = 7.3;
					};
				};
			};
			buildConfigurationList = D077F15D1DDB2E2A00186A04 /* Build configuration list for PBXProject "NSDateUtil" */;
			compatibilityVersion = "Xcode 3.2";
			developmentRegion = English;
			hasScannedForEncodings = 0;
			knownRegions = (
				en,
				Base,
			);
			mainGroup = D077F1591DDB2E2A00186A04;
			productRefGroup = D077F1631DDB2E2A00186A04 /* Products */;
			projectDirPath = "";
			projectRoot = "";
			targets = (
				D077F1611DDB2E2A00186A04 /* NSDateUtil */,
			);
		};
/* End PBXProject section */

/* Begin PBXResourcesBuildPhase section */
		D077F1601DDB2E2A00186A04 /* Resources */ = {
			isa = PBXResourcesBuildPhase;
			buildActionMask = 2147483647;
			files = (
				D077F1701DDB2E2A00186A04 /* LaunchScreen.storyboard in Resources */,
				D077F1781DDB2E4600186A04 /* Localizable.stringsdict in Resources */,
				D077F16D1DDB2E2A00186A04 /* Assets.xcassets in Resources */,
				D077F16B1DDB2E2A00186A04 /* Main.storyboard in Resources */,
			);
			runOnlyForDeploymentPostprocessing = 0;
		};
/* End PBXResourcesBuildPhase section */

/* Begin PBXSourcesBuildPhase section */
		D077F15E1DDB2E2A00186A04 /* Sources */ = {
			isa = PBXSourcesBuildPhase;
			buildActionMask = 2147483647;
			files = (
				D077F17A1DDB2E4D00186A04 /* NSDate+Utility.swift in Sources */,
				D077F1681DDB2E2A00186A04 /* ViewController.swift in Sources */,
				D077F17F1DDB30AC00186A04 /* CustomCell.swift in Sources */,
				D077F1661DDB2E2A00186A04 /* AppDelegate.swift in Sources */,
			);
			runOnlyForDeploymentPostprocessing = 0;
		};
/* End PBXSourcesBuildPhase section */

/* Begin PBXVariantGroup section */
		D077F1691DDB2E2A00186A04 /* Main.storyboard */ = {
			isa = PBXVariantGroup;
			children = (
				D077F16A1DDB2E2A00186A04 /* Base */,
			);
			name = Main.storyboard;
			sourceTree = "<group>";
		};
		D077F16E1DDB2E2A00186A04 /* LaunchScreen.storyboard */ = {
			isa = PBXVariantGroup;
			children = (
				D077F16F1DDB2E2A00186A04 /* Base */,
			);
			name = LaunchScreen.storyboard;
			sourceTree = "<group>";
		};
/* End PBXVariantGroup section */

/* Begin XCBuildConfiguration section */
		D077F1721DDB2E2A00186A04 /* Debug */ = {
			isa = XCBuildConfiguration;
			buildSettings = {
				ALWAYS_SEARCH_USER_PATHS = NO;
				CLANG_ANALYZER_NONNULL = YES;
				CLANG_CXX_LANGUAGE_STANDARD = "gnu++0x";
				CLANG_CXX_LIBRARY = "libc++";
				CLANG_ENABLE_MODULES = YES;
				CLANG_ENABLE_OBJC_ARC = YES;
				CLANG_WARN_BOOL_CONVERSION = YES;
				CLANG_WARN_CONSTANT_CONVERSION = YES;
				CLANG_WARN_DIRECT_OBJC_ISA_USAGE = YES_ERROR;
				CLANG_WARN_EMPTY_BODY = YES;
				CLANG_WARN_ENUM_CONVERSION = YES;
				CLANG_WARN_INT_CONVERSION = YES;
				CLANG_WARN_OBJC_ROOT_CLASS = YES_ERROR;
				CLANG_WARN_UNREACHABLE_CODE = YES;
				CLANG_WARN__DUPLICATE_METHOD_MATCH = YES;
				"CODE_SIGN_IDENTITY[sdk=iphoneos*]" = "iPhone Developer";
				COPY_PHASE_STRIP = NO;
				DEBUG_INFORMATION_FORMAT = dwarf;
				ENABLE_STRICT_OBJC_MSGSEND = YES;
				ENABLE_TESTABILITY = YES;
				GCC_C_LANGUAGE_STANDARD = gnu99;
				GCC_DYNAMIC_NO_PIC = NO;
				GCC_NO_COMMON_BLOCKS = YES;
				GCC_OPTIMIZATION_LEVEL = 0;
				GCC_PREPROCESSOR_DEFINITIONS = (
					"DEBUG=1",
					"$(inherited)",
				);
				GCC_WARN_64_TO_32_BIT_CONVERSION = YES;
				GCC_WARN_ABOUT_RETURN_TYPE = YES_ERROR;
				GCC_WARN_UNDECLARED_SELECTOR = YES;
				GCC_WARN_UNINITIALIZED_AUTOS = YES_AGGRESSIVE;
				GCC_WARN_UNUSED_FUNCTION = YES;
				GCC_WARN_UNUSED_VARIABLE = YES;
				IPHONEOS_DEPLOYMENT_TARGET = 9.3;
				MTL_ENABLE_DEBUG_INFO = YES;
				ONLY_ACTIVE_ARCH = YES;
				SDKROOT = iphoneos;
				SWIFT_OPTIMIZATION_LEVEL = "-Onone";
				TARGETED_DEVICE_FAMILY = "1,2";
			};
			name = Debug;
		};
		D077F1731DDB2E2A00186A04 /* Release */ = {
			isa = XCBuildConfiguration;
			buildSettings = {
				ALWAYS_SEARCH_USER_PATHS = NO;
				CLANG_ANALYZER_NONNULL = YES;
				CLANG_CXX_LANGUAGE_STANDARD = "gnu++0x";
				CLANG_CXX_LIBRARY = "libc++";
				CLANG_ENABLE_MODULES = YES;
				CLANG_ENABLE_OBJC_ARC = YES;
				CLANG_WARN_BOOL_CONVERSION = YES;
				CLANG_WARN_CONSTANT_CONVERSION = YES;
				CLANG_WARN_DIRECT_OBJC_ISA_USAGE = YES_ERROR;
				CLANG_WARN_EMPTY_BODY = YES;
				CLANG_WARN_ENUM_CONVERSION = YES;
				CLANG_WARN_INT_CONVERSION = YES;
				CLANG_WARN_OBJC_ROOT_CLASS = YES_ERROR;
				CLANG_WARN_UNREACHABLE_CODE = YES;
				CLANG_WARN__DUPLICATE_METHOD_MATCH = YES;
				"CODE_SIGN_IDENTITY[sdk=iphoneos*]" = "iPhone Developer";
				COPY_PHASE_STRIP = NO;
				DEBUG_INFORMATION_FORMAT = "dwarf-with-dsym";
				ENABLE_NS_ASSERTIONS = NO;
				ENABLE_STRICT_OBJC_MSGSEND = YES;
				GCC_C_LANGUAGE_STANDARD = gnu99;
				GCC_NO_COMMON_BLOCKS = YES;
				GCC_WARN_64_TO_32_BIT_CONVERSION = YES;
				GCC_WARN_ABOUT_RETURN_TYPE = YES_ERROR;
				GCC_WARN_UNDECLARED_SELECTOR = YES;
				GCC_WARN_UNINITIALIZED_AUTOS = YES_AGGRESSIVE;
				GCC_WARN_UNUSED_FUNCTION = YES;
				GCC_WARN_UNUSED_VARIABLE = YES;
				IPHONEOS_DEPLOYMENT_TARGET = 9.3;
				MTL_ENABLE_DEBUG_INFO = NO;
				SDKROOT = iphoneos;
				TARGETED_DEVICE_FAMILY = "1,2";
				VALIDATE_PRODUCT = YES;
			};
			name = Release;
		};
		D077F1751DDB2E2A00186A04 /* Debug */ = {
			isa = XCBuildConfiguration;
			buildSettings = {
				ASSETCATALOG_COMPILER_APPICON_NAME = AppIcon;
				INFOPLIST_FILE = NSDateUtil/Info.plist;
				LD_RUNPATH_SEARCH_PATHS = "$(inherited) @executable_path/Frameworks";
				PRODUCT_BUNDLE_IDENTIFIER = com.cocoajuice.n;
				PRODUCT_NAME = "$(TARGET_NAME)";
			};
			name = Debug;
		};
		D077F1761DDB2E2A00186A04 /* Release */ = {
			isa = XCBuildConfiguration;
			buildSettings = {
				ASSETCATALOG_COMPILER_APPICON_NAME = AppIcon;
				INFOPLIST_FILE = NSDateUtil/Info.plist;
				LD_RUNPATH_SEARCH_PATHS = "$(inherited) @executable_path/Frameworks";
				PRODUCT_BUNDLE_IDENTIFIER = com.cocoajuice.n;
				PRODUCT_NAME = "$(TARGET_NAME)";
			};
			name = Release;
		};
/* End XCBuildConfiguration section */

/* Begin XCConfigurationList section */
		D077F15D1DDB2E2A00186A04 /* Build configuration list for PBXProject "NSDateUtil" */ = {
			isa = XCConfigurationList;
			buildConfigurations = (
				D077F1721DDB2E2A00186A04 /* Debug */,
				D077F1731DDB2E2A00186A04 /* Release */,
			);
			defaultConfigurationIsVisible = 0;
			defaultConfigurationName = Release;
		};
		D077F1741DDB2E2A00186A04 /* Build configuration list for PBXNativeTarget "NSDateUtil" */ = {
			isa = XCConfigurationList;
			buildConfigurations = (
				D077F1751DDB2E2A00186A04 /* Debug */,
				D077F1761DDB2E2A00186A04 /* Release */,
			);
			defaultConfigurationIsVisible = 0;
		};
/* End XCConfigurationList section */
	};
	rootObject = D077F15A1DDB2E2A00186A04 /* Project object */;
}
