// !$*UTF8*$!
{
	archiveVersion = 1;
	classes = {
	};
	objectVersion = 46;
	objects = {

/* Begin PBXBuildFile section */
		5F89A8101B49A959007FE471 /* main.m in Sources */ = {isa = PBXBuildFile; fileRef = 5F89A80F1B49A959007FE471 /* main.m */; };
		5F89A8131B49A959007FE471 /* AppDelegate.m in Sources */ = {isa = PBXBuildFile; fileRef = 5F89A8121B49A959007FE471 /* AppDelegate.m */; };
		5F89A8161B49A959007FE471 /* ViewController.m in Sources */ = {isa = PBXBuildFile; fileRef = 5F89A8151B49A959007FE471 /* ViewController.m */; };
		5F89A8191B49A959007FE471 /* Main.storyboard in Resources */ = {isa = PBXBuildFile; fileRef = 5F89A8171B49A959007FE471 /* Main.storyboard */; };
		5F89A81B1B49A959007FE471 /* Images.xcassets in Resources */ = {isa = PBXBuildFile; fileRef = 5F89A81A1B49A959007FE471 /* Images.xcassets */; };
		5F89A81E1B49A959007FE471 /* LaunchScreen.xib in Resources */ = {isa = PBXBuildFile; fileRef = 5F89A81C1B49A959007FE471 /* LaunchScreen.xib */; };
		5F89A82A1B49A95A007FE471 /* NothingTests.m in Sources */ = {isa = PBXBuildFile; fileRef = 5F89A8291B49A95A007FE471 /* NothingTests.m */; };
/* End PBXBuildFile section */

/* Begin PBXContainerItemProxy section */
		5F89A8241B49A95A007FE471 /* PBXContainerItemProxy */ = {
			isa = PBXContainerItemProxy;
			containerPortal = 5F89A8021B49A959007FE471 /* Project object */;
			proxyType = 1;
			remoteGlobalIDString = 5F89A8091B49A959007FE471;
			remoteInfo = Nothing;
		};
/* End PBXContainerItemProxy section */

/* Begin PBXFileReference section */
		5F89A80A1B49A959007FE471 /* Nothing.app */ = {isa = PBXFileReference; explicitFileType = wrapper.application; includeInIndex = 0; path = Nothing.app; sourceTree = BUILT_PRODUCTS_DIR; };
		5F89A80E1B49A959007FE471 /* Info.plist */ = {isa = PBXFileReference; lastKnownFileType = text.plist.xml; path = Info.plist; sourceTree = "<group>"; };
		5F89A80F1B49A959007FE471 /* main.m */ = {isa = PBXFileReference; lastKnownFileType = sourcecode.c.objc; path = main.m; sourceTree = "<group>"; };
		5F89A8111B49A959007FE471 /* AppDelegate.h */ = {isa = PBXFileReference; lastKnownFileType = sourcecode.c.h; path = AppDelegate.h; sourceTree = "<group>"; };
		5F89A8121B49A959007FE471 /* AppDelegate.m */ = {isa = PBXFileReference; lastKnownFileType = sourcecode.c.objc; path = AppDelegate.m; sourceTree = "<group>"; };
		5F89A8141B49A959007FE471 /* ViewController.h */ = {isa = PBXFileReference; lastKnownFileType = sourcecode.c.h; path = ViewController.h; sourceTree = "<group>"; };
		5F89A8151B49A959007FE471 /* ViewController.m */ = {isa = PBXFileReference; lastKnownFileType = sourcecode.c.objc; path = ViewController.m; sourceTree = "<group>"; };
		5F89A8181B49A959007FE471 /* Base */ = {isa = PBXFileReference; lastKnownFileType = file.storyboard; name = Base; path = Base.lproj/Main.storyboard; sourceTree = "<group>"; };
		5F89A81A1B49A959007FE471 /* Images.xcassets */ = {isa = PBXFileReference; lastKnownFileType = folder.assetcatalog; path = Images.xcassets; sourceTree = "<group>"; };
		5F89A81D1B49A959007FE471 /* Base */ = {isa = PBXFileReference; lastKnownFileType = file.xib; name = Base; path = Base.lproj/LaunchScreen.xib; sourceTree = "<group>"; };
		5F89A8231B49A95A007FE471 /* NothingTests.xctest */ = {isa = PBXFileReference; explicitFileType = wrapper.cfbundle; includeInIndex = 0; path = NothingTests.xctest; sourceTree = BUILT_PRODUCTS_DIR; };
		5F89A8281B49A95A007FE471 /* Info.plist */ = {isa = PBXFileReference; lastKnownFileType = text.plist.xml; path = Info.plist; sourceTree = "<group>"; };
		5F89A8291B49A95A007FE471 /* NothingTests.m */ = {isa = PBXFileReference; lastKnownFileType = sourcecode.c.objc; path = NothingTests.m; sourceTree = "<group>"; };
/* End PBXFileReference section */

/* Begin PBXFrameworksBuildPhase section */
		5F89A8071B49A959007FE471 /* Frameworks */ = {
			isa = PBXFrameworksBuildPhase;
			buildActionMask = 2147483647;
			files = (
			);
			runOnlyForDeploymentPostprocessing = 0;
		};
		5F89A8201B49A95A007FE471 /* Frameworks */ = {
			isa = PBXFrameworksBuildPhase;
			buildActionMask = 2147483647;
			files = (
			);
			runOnlyForDeploymentPostprocessing = 0;
		};
/* End PBXFrameworksBuildPhase section */

/* Begin PBXGroup section */
		5F89A8011B49A959007FE471 = {
			isa = PBXGroup;
			children = (
				5F89A80C1B49A959007FE471 /* Nothing */,
				5F89A8261B49A95A007FE471 /* NothingTests */,
				5F89A80B1B49A959007FE471 /* Products */,
			);
			sourceTree = "<group>";
		};
		5F89A80B1B49A959007FE471 /* Products */ = {
			isa = PBXGroup;
			children = (
				5F89A80A1B49A959007FE471 /* Nothing.app */,
				5F89A8231B49A95A007FE471 /* NothingTests.xctest */,
			);
			name = Products;
			sourceTree = "<group>";
		};
		5F89A80C1B49A959007FE471 /* Nothing */ = {
			isa = PBXGroup;
			children = (
				5F89A8111B49A959007FE471 /* AppDelegate.h */,
				5F89A8121B49A959007FE471 /* AppDelegate.m */,
				5F89A8141B49A959007FE471 /* ViewController.h */,
				5F89A8151B49A959007FE471 /* ViewController.m */,
				5F89A8171B49A959007FE471 /* Main.storyboard */,
				5F89A81A1B49A959007FE471 /* Images.xcassets */,
				5F89A81C1B49A959007FE471 /* LaunchScreen.xib */,
				5F89A80D1B49A959007FE471 /* Supporting Files */,
			);
			path = Nothing;
			sourceTree = "<group>";
		};
		5F89A80D1B49A959007FE471 /* Supporting Files */ = {
			isa = PBXGroup;
			children = (
				5F89A80E1B49A959007FE471 /* Info.plist */,
				5F89A80F1B49A959007FE471 /* main.m */,
			);
			name = "Supporting Files";
			sourceTree = "<group>";
		};
		5F89A8261B49A95A007FE471 /* NothingTests */ = {
			isa = PBXGroup;
			children = (
				5F89A8291B49A95A007FE471 /* NothingTests.m */,
				5F89A8271B49A95A007FE471 /* Supporting Files */,
			);
			path = NothingTests;
			sourceTree = "<group>";
		};
		5F89A8271B49A95A007FE471 /* Supporting Files */ = {
			isa = PBXGroup;
			children = (
				5F89A8281B49A95A007FE471 /* Info.plist */,
			);
			name = "Supporting Files";
			sourceTree = "<group>";
		};
/* End PBXGroup section */

/* Begin PBXNativeTarget section */
		5F89A8091B49A959007FE471 /* Nothing */ = {
			isa = PBXNativeTarget;
			buildConfigurationList = 5F89A82D1B49A95A007FE471 /* Build configuration list for PBXNativeTarget "Nothing" */;
			buildPhases = (
				5F89A8061B49A959007FE471 /* Sources */,
				5F89A8071B49A959007FE471 /* Frameworks */,
				5F89A8081B49A959007FE471 /* Resources */,
			);
			buildRules = (
			);
			dependencies = (
			);
			name = Nothing;
			productName = Nothing;
			productReference = 5F89A80A1B49A959007FE471 /* Nothing.app */;
			productType = "com.apple.product-type.application";
		};
		5F89A8221B49A95A007FE471 /* NothingTests */ = {
			isa = PBXNativeTarget;
			buildConfigurationList = 5F89A8301B49A95A007FE471 /* Build configuration list for PBXNativeTarget "NothingTests" */;
			buildPhases = (
				5F89A81F1B49A95A007FE471 /* Sources */,
				5F89A8201B49A95A007FE471 /* Frameworks */,
				5F89A8211B49A95A007FE471 /* Resources */,
			);
			buildRules = (
			);
			dependencies = (
				5F89A8251B49A95A007FE471 /* PBXTargetDependency */,
			);
			name = NothingTests;
			productName = NothingTests;
			productReference = 5F89A8231B49A95A007FE471 /* NothingTests.xctest */;
			productType = "com.apple.product-type.bundle.unit-test";
		};
/* End PBXNativeTarget section */

/* Begin PBXProject section */
		5F89A8021B49A959007FE471 /* Project object */ = {
			isa = PBXProject;
			attributes = {
				LastUpgradeCheck = 0640;
				ORGANIZATIONNAME = "Saurav Satpathy";
				TargetAttributes = {
					5F89A8091B49A959007FE471 = {
						CreatedOnToolsVersion = 6.4;
					};
					5F89A8221B49A95A007FE471 = {
						CreatedOnToolsVersion = 6.4;
						TestTargetID = 5F89A8091B49A959007FE471;
					};
				};
			};
			buildConfigurationList = 5F89A8051B49A959007FE471 /* Build configuration list for PBXProject "Nothing" */;
			compatibilityVersion = "Xcode 3.2";
			developmentRegion = English;
			hasScannedForEncodings = 0;
			knownRegions = (
				en,
				Base,
			);
			mainGroup = 5F89A8011B49A959007FE471;
			productRefGroup = 5F89A80B1B49A959007FE471 /* Products */;
			projectDirPath = "";
			projectRoot = "";
			targets = (
				5F89A8091B49A959007FE471 /* Nothing */,
				5F89A8221B49A95A007FE471 /* NothingTests */,
			);
		};
/* End PBXProject section */

/* Begin PBXResourcesBuildPhase section */
		5F89A8081B49A959007FE471 /* Resources */ = {
			isa = PBXResourcesBuildPhase;
			buildActionMask = 2147483647;
			files = (
				5F89A8191B49A959007FE471 /* Main.storyboard in Resources */,
				5F89A81E1B49A959007FE471 /* LaunchScreen.xib in Resources */,
				5F89A81B1B49A959007FE471 /* Images.xcassets in Resources */,
			);
			runOnlyForDeploymentPostprocessing = 0;
		};
		5F89A8211B49A95A007FE471 /* Resources */ = {
			isa = PBXResourcesBuildPhase;
			buildActionMask = 2147483647;
			files = (
			);
			runOnlyForDeploymentPostprocessing = 0;
		};
/* End PBXResourcesBuildPhase section */

/* Begin PBXSourcesBuildPhase section */
		5F89A8061B49A959007FE471 /* Sources */ = {
			isa = PBXSourcesBuildPhase;
			buildActionMask = 2147483647;
			files = (
				5F89A8161B49A959007FE471 /* ViewController.m in Sources */,
				5F89A8131B49A959007FE471 /* AppDelegate.m in Sources */,
				5F89A8101B49A959007FE471 /* main.m in Sources */,
			);
			runOnlyForDeploymentPostprocessing = 0;
		};
		5F89A81F1B49A95A007FE471 /* Sources */ = {
			isa = PBXSourcesBuildPhase;
			buildActionMask = 2147483647;
			files = (
				5F89A82A1B49A95A007FE471 /* NothingTests.m in Sources */,
			);
			runOnlyForDeploymentPostprocessing = 0;
		};
/* End PBXSourcesBuildPhase section */

/* Begin PBXTargetDependency section */
		5F89A8251B49A95A007FE471 /* PBXTargetDependency */ = {
			isa = PBXTargetDependency;
			target = 5F89A8091B49A959007FE471 /* Nothing */;
			targetProxy = 5F89A8241B49A95A007FE471 /* PBXContainerItemProxy */;
		};
/* End PBXTargetDependency section */

/* Begin PBXVariantGroup section */
		5F89A8171B49A959007FE471 /* Main.storyboard */ = {
			isa = PBXVariantGroup;
			children = (
				5F89A8181B49A959007FE471 /* Base */,
			);
			name = Main.storyboard;
			sourceTree = "<group>";
		};
		5F89A81C1B49A959007FE471 /* LaunchScreen.xib */ = {
			isa = PBXVariantGroup;
			children = (
				5F89A81D1B49A959007FE471 /* Base */,
			);
			name = LaunchScreen.xib;
			sourceTree = "<group>";
		};
/* End PBXVariantGroup section */

/* Begin XCBuildConfiguration section */
		5F89A82B1B49A95A007FE471 /* Debug */ = {
			isa = XCBuildConfiguration;
			buildSettings = {
				ALWAYS_SEARCH_USER_PATHS = NO;
				CLANG_CXX_LANGUAGE_STANDARD = "gnu++0x";
				CLANG_CXX_LIBRARY = "libc++";
				CLANG_ENABLE_MODULES = YES;
				CLANG_ENABLE_OBJC_ARC = YES;
				CLANG_WARN_BOOL_CONVERSION = YES;
				CLANG_WARN_CONSTANT_CONVERSION = YES;
				CLANG_WARN_DIRECT_OBJC_ISA_USAGE = YES_ERROR;
				CLANG_WARN_EMPTY_BODY = YES;
				CLANG_WARN_ENUM_CONVERSION = YES;
				CLANG_WARN_INT_CONVERSION = YES;
				CLANG_WARN_OBJC_ROOT_CLASS = YES_ERROR;
				CLANG_WARN_UNREACHABLE_CODE = YES;
				CLANG_WARN__DUPLICATE_METHOD_MATCH = YES;
				"CODE_SIGN_IDENTITY[sdk=iphoneos*]" = "iPhone Developer";
				COPY_PHASE_STRIP = NO;
				DEBUG_INFORMATION_FORMAT = "dwarf-with-dsym";
				ENABLE_STRICT_OBJC_MSGSEND = YES;
				GCC_C_LANGUAGE_STANDARD = gnu99;
				GCC_DYNAMIC_NO_PIC = NO;
				GCC_NO_COMMON_BLOCKS = YES;
				GCC_OPTIMIZATION_LEVEL = 0;
				GCC_PREPROCESSOR_DEFINITIONS = (
					"DEBUG=1",
					"$(inherited)",
				);
				GCC_SYMBOLS_PRIVATE_EXTERN = NO;
				GCC_WARN_64_TO_32_BIT_CONVERSION = YES;
				GCC_WARN_ABOUT_RETURN_TYPE = YES_ERROR;
				GCC_WARN_UNDECLARED_SELECTOR = YES;
				GCC_WARN_UNINITIALIZED_AUTOS = YES_AGGRESSIVE;
				GCC_WARN_UNUSED_FUNCTION = YES;
				GCC_WARN_UNUSED_VARIABLE = YES;
				IPHONEOS_DEPLOYMENT_TARGET = 8.4;
				MTL_ENABLE_DEBUG_INFO = YES;
				ONLY_ACTIVE_ARCH = YES;
				SDKROOT = iphoneos;
				TARGETED_DEVICE_FAMILY = "1,2";
			};
			name = Debug;
		};
		5F89A82C1B49A95A007FE471 /* Release */ = {
			isa = XCBuildConfiguration;
			buildSettings = {
				ALWAYS_SEARCH_USER_PATHS = NO;
				CLANG_CXX_LANGUAGE_STANDARD = "gnu++0x";
				CLANG_CXX_LIBRARY = "libc++";
				CLANG_ENABLE_MODULES = YES;
				CLANG_ENABLE_OBJC_ARC = YES;
				CLANG_WARN_BOOL_CONVERSION = YES;
				CLANG_WARN_CONSTANT_CONVERSION = YES;
				CLANG_WARN_DIRECT_OBJC_ISA_USAGE = YES_ERROR;
				CLANG_WARN_EMPTY_BODY = YES;
				CLANG_WARN_ENUM_CONVERSION = YES;
				CLANG_WARN_INT_CONVERSION = YES;
				CLANG_WARN_OBJC_ROOT_CLASS = YES_ERROR;
				CLANG_WARN_UNREACHABLE_CODE = YES;
				CLANG_WARN__DUPLICATE_METHOD_MATCH = YES;
				"CODE_SIGN_IDENTITY[sdk=iphoneos*]" = "iPhone Developer";
				COPY_PHASE_STRIP = NO;
				DEBUG_INFORMATION_FORMAT = "dwarf-with-dsym";
				ENABLE_NS_ASSERTIONS = NO;
				ENABLE_STRICT_OBJC_MSGSEND = YES;
				GCC_C_LANGUAGE_STANDARD = gnu99;
				GCC_NO_COMMON_BLOCKS = YES;
				GCC_WARN_64_TO_32_BIT_CONVERSION = YES;
				GCC_WARN_ABOUT_RETURN_TYPE = YES_ERROR;
				GCC_WARN_UNDECLARED_SELECTOR = YES;
				GCC_WARN_UNINITIALIZED_AUTOS = YES_AGGRESSIVE;
				GCC_WARN_UNUSED_FUNCTION = YES;
				GCC_WARN_UNUSED_VARIABLE = YES;
				IPHONEOS_DEPLOYMENT_TARGET = 8.4;
				MTL_ENABLE_DEBUG_INFO = NO;
				SDKROOT = iphoneos;
				TARGETED_DEVICE_FAMILY = "1,2";
				VALIDATE_PRODUCT = YES;
			};
			name = Release;
		};
		5F89A82E1B49A95A007FE471 /* Debug */ = {
			isa = XCBuildConfiguration;
			buildSettings = {
				ASSETCATALOG_COMPILER_APPICON_NAME = AppIcon;
				INFOPLIST_FILE = Nothing/Info.plist;
				LD_RUNPATH_SEARCH_PATHS = "$(inherited) @executable_path/Frameworks";
				PRODUCT_NAME = "$(TARGET_NAME)";
			};
			name = Debug;
		};
		5F89A82F1B49A95A007FE471 /* Release */ = {
			isa = XCBuildConfiguration;
			buildSettings = {
				ASSETCATALOG_COMPILER_APPICON_NAME = AppIcon;
				INFOPLIST_FILE = Nothing/Info.plist;
				LD_RUNPATH_SEARCH_PATHS = "$(inherited) @executable_path/Frameworks";
				PRODUCT_NAME = "$(TARGET_NAME)";
			};
			name = Release;
		};
		5F89A8311B49A95A007FE471 /* Debug */ = {
			isa = XCBuildConfiguration;
			buildSettings = {
				BUNDLE_LOADER = "$(TEST_HOST)";
				FRAMEWORK_SEARCH_PATHS = (
					"$(SDKROOT)/Developer/Library/Frameworks",
					"$(inherited)",
				);
				GCC_PREPROCESSOR_DEFINITIONS = (
					"DEBUG=1",
					"$(inherited)",
				);
				INFOPLIST_FILE = NothingTests/Info.plist;
				LD_RUNPATH_SEARCH_PATHS = "$(inherited) @executable_path/Frameworks @loader_path/Frameworks";
				PRODUCT_NAME = "$(TARGET_NAME)";
				TEST_HOST = "$(BUILT_PRODUCTS_DIR)/Nothing.app/Nothing";
			};
			name = Debug;
		};
		5F89A8321B49A95A007FE471 /* Release */ = {
			isa = XCBuildConfiguration;
			buildSettings = {
				BUNDLE_LOADER = "$(TEST_HOST)";
				FRAMEWORK_SEARCH_PATHS = (
					"$(SDKROOT)/Developer/Library/Frameworks",
					"$(inherited)",
				);
				INFOPLIST_FILE = NothingTests/Info.plist;
				LD_RUNPATH_SEARCH_PATHS = "$(inherited) @executable_path/Frameworks @loader_path/Frameworks";
				PRODUCT_NAME = "$(TARGET_NAME)";
				TEST_HOST = "$(BUILT_PRODUCTS_DIR)/Nothing.app/Nothing";
			};
			name = Release;
		};
/* End XCBuildConfiguration section */

/* Begin XCConfigurationList section */
		5F89A8051B49A959007FE471 /* Build configuration list for PBXProject "Nothing" */ = {
			isa = XCConfigurationList;
			buildConfigurations = (
				5F89A82B1B49A95A007FE471 /* Debug */,
				5F89A82C1B49A95A007FE471 /* Release */,
			);
			defaultConfigurationIsVisible = 0;
			defaultConfigurationName = Release;
		};
		5F89A82D1B49A95A007FE471 /* Build configuration list for PBXNativeTarget "Nothing" */ = {
			isa = XCConfigurationList;
			buildConfigurations = (
				5F89A82E1B49A95A007FE471 /* Debug */,
				5F89A82F1B49A95A007FE471 /* Release */,
			);
			defaultConfigurationIsVisible = 0;
		};
		5F89A8301B49A95A007FE471 /* Build configuration list for PBXNativeTarget "NothingTests" */ = {
			isa = XCConfigurationList;
			buildConfigurations = (
				5F89A8311B49A95A007FE471 /* Debug */,
				5F89A8321B49A95A007FE471 /* Release */,
			);
			defaultConfigurationIsVisible = 0;
		};
/* End XCConfigurationList section */
	};
	rootObject = 5F89A8021B49A959007FE471 /* Project object */;
}
